
Microsoft Visual Studio Solution File, Format Version 12.00
# Visual Studio Version 17
VisualStudioVersion = 17.7.34024.191
MinimumVisualStudioVersion = 10.0.40219.1
Project("{FAE04EC0-301F-11D3-BF4B-00C04F79EFBC}") = "Online_calculator", "Online_calculator\Online_calculator.csproj", "{B81783A5-F3F8-45FB-8911-8A0EAF9CDF9D}"
EndProject
Global
	GlobalSection(SolutionConfigurationPlatforms) = preSolution
		Debug|Any CPU = Debug|Any CPU
		Release|Any CPU = Release|Any CPU
	EndGlobalSection
	GlobalSection(ProjectConfigurationPlatforms) = postSolution
		{B81783A5-F3F8-45FB-8911-8A0EAF9CDF9D}.Debug|Any CPU.ActiveCfg = Debug|Any CPU
		{B81783A5-F3F8-45FB-8911-8A0EAF9CDF9D}.Debug|Any CPU.Build.0 = Debug|Any CPU
		{B81783A5-F3F8-45FB-8911-8A0EAF9CDF9D}.Release|Any CPU.ActiveCfg = Release|Any CPU
		{B81783A5-F3F8-45FB-8911-8A0EAF9CDF9D}.Release|Any CPU.Build.0 = Release|Any CPU
	EndGlobalSection
	GlobalSection(SolutionProperties) = preSolution
		HideSolutionNode = FALSE
	EndGlobalSection
	GlobalSection(ExtensibilityGlobals) = postSolution
		SolutionGuid = {824A4A47-1038-455D-8961-5D2920A660B4}
	EndGlobalSection
EndGlobal
